
Microsoft Visual Studio Solution File, Format Version 12.00
# Visual Studio 2013
VisualStudioVersion = 12.0.31101.0
MinimumVisualStudioVersion = 10.0.40219.1
Project("{FAE04EC0-301F-11D3-BF4B-00C04F79EFBC}") = "CouponAPI", "CouponAPI\CouponAPI.csproj", "{45BB1FAB-A222-4947-8B12-5BB94E72BE85}"
EndProject
Project("{2150E333-8FDC-42A3-9474-1A3956D46DE8}") = "PublishScripts", "PublishScripts", "{0798EAE2-EB74-4015-849D-35EA3F2AC13B}"
	ProjectSection(SolutionItems) = preProject
		PublishScripts\AzureWebsitePublishModule.psm1 = PublishScripts\AzureWebsitePublishModule.psm1
		PublishScripts\Publish-WebApplicationWebsite.ps1 = PublishScripts\Publish-WebApplicationWebsite.ps1
	EndProjectSection
EndProject
Project("{2150E333-8FDC-42A3-9474-1A3956D46DE8}") = "Configurations", "Configurations", "{5EB28BF9-4906-4518-A05B-4C11B505144B}"
	ProjectSection(SolutionItems) = preProject
		PublishScripts\Configurations\CouponAPI-WAWS-dev.json = PublishScripts\Configurations\CouponAPI-WAWS-dev.json
	EndProjectSection
EndProject
Project("{FAE04EC0-301F-11D3-BF4B-00C04F79EFBC}") = "CouponFetcher", "CouponFetcher\CouponFetcher.csproj", "{5734D5CE-FECD-4E88-8737-895F3D869794}"
EndProject
Project("{FAE04EC0-301F-11D3-BF4B-00C04F79EFBC}") = "OutletsFetcher", "OutletsFetcher\OutletsFetcher.csproj", "{25A6C1FB-12B2-44CF-9EC8-9FF590111979}"
EndProject
Project("{FAE04EC0-301F-11D3-BF4B-00C04F79EFBC}") = "MacysFetcher", "MacysFetcher\MacysFetcher.csproj", "{47A0FB9C-FFDF-4ABB-AAD8-F0B02A9ECA32}"
EndProject
Project("{FAE04EC0-301F-11D3-BF4B-00C04F79EFBC}") = "CostcoFetcher", "CostcoFetcher\CostcoFetcher.csproj", "{C8571912-0A46-457C-A39E-1ED5FD2AAD52}"
EndProject
Project("{FAE04EC0-301F-11D3-BF4B-00C04F79EFBC}") = "Fetcher", "Fetcher\Fetcher.csproj", "{A3084888-04CA-4BDE-A278-D38E36756FE0}"
EndProject
Project("{E24C65DC-7377-472B-9ABA-BC803B73C61A}") = "GetCouponInfo(1)", "http://localhost:6336", "{5C21757F-17BF-4310-8F8B-BBBA5FB9E2F0}"
	ProjectSection(WebsiteProperties) = preProject
		UseIISExpress = "true"
		TargetFrameworkMoniker = ".NETFramework,Version%3Dv4.5"
		Debug.AspNetCompiler.VirtualPath = "/localhost_6336"
		Debug.AspNetCompiler.PhysicalPath = "GetCouponInfo\"
		Debug.AspNetCompiler.TargetPath = "PrecompiledWeb\localhost_6336\"
		Debug.AspNetCompiler.Updateable = "true"
		Debug.AspNetCompiler.ForceOverwrite = "true"
		Debug.AspNetCompiler.FixedNames = "false"
		Debug.AspNetCompiler.Debug = "True"
		Release.AspNetCompiler.VirtualPath = "/localhost_6336"
		Release.AspNetCompiler.PhysicalPath = "GetCouponInfo\"
		Release.AspNetCompiler.TargetPath = "PrecompiledWeb\localhost_6336\"
		Release.AspNetCompiler.Updateable = "true"
		Release.AspNetCompiler.ForceOverwrite = "true"
		Release.AspNetCompiler.FixedNames = "false"
		Release.AspNetCompiler.Debug = "False"
		SlnRelativePath = "GetCouponInfo\"
		DefaultWebSiteLanguage = "Visual C#"
	EndProjectSection
EndProject
Project("{FAE04EC0-301F-11D3-BF4B-00C04F79EFBC}") = "GetCoupon", "GetCoupon\GetCoupon.csproj", "{0A24561E-63C8-44DF-AE0C-F067D05AC32F}"
EndProject
Project("{2150E333-8FDC-42A3-9474-1A3956D46DE8}") = ".nuget", ".nuget", "{78576318-1BF1-4416-A4BA-4B23F8734FF4}"
	ProjectSection(SolutionItems) = preProject
		.nuget\packages.config = .nuget\packages.config
	EndProjectSection
EndProject
Global
	GlobalSection(SolutionConfigurationPlatforms) = preSolution
		Debug|Any CPU = Debug|Any CPU
		Release|Any CPU = Release|Any CPU
	EndGlobalSection
	GlobalSection(ProjectConfigurationPlatforms) = postSolution
		{45BB1FAB-A222-4947-8B12-5BB94E72BE85}.Debug|Any CPU.ActiveCfg = Debug|Any CPU
		{45BB1FAB-A222-4947-8B12-5BB94E72BE85}.Debug|Any CPU.Build.0 = Debug|Any CPU
		{45BB1FAB-A222-4947-8B12-5BB94E72BE85}.Release|Any CPU.ActiveCfg = Release|Any CPU
		{45BB1FAB-A222-4947-8B12-5BB94E72BE85}.Release|Any CPU.Build.0 = Release|Any CPU
		{5734D5CE-FECD-4E88-8737-895F3D869794}.Debug|Any CPU.ActiveCfg = Debug|Any CPU
		{5734D5CE-FECD-4E88-8737-895F3D869794}.Debug|Any CPU.Build.0 = Debug|Any CPU
		{5734D5CE-FECD-4E88-8737-895F3D869794}.Release|Any CPU.ActiveCfg = Release|Any CPU
		{5734D5CE-FECD-4E88-8737-895F3D869794}.Release|Any CPU.Build.0 = Release|Any CPU
		{25A6C1FB-12B2-44CF-9EC8-9FF590111979}.Debug|Any CPU.ActiveCfg = Debug|Any CPU
		{25A6C1FB-12B2-44CF-9EC8-9FF590111979}.Debug|Any CPU.Build.0 = Debug|Any CPU
		{25A6C1FB-12B2-44CF-9EC8-9FF590111979}.Release|Any CPU.ActiveCfg = Release|Any CPU
		{25A6C1FB-12B2-44CF-9EC8-9FF590111979}.Release|Any CPU.Build.0 = Release|Any CPU
		{47A0FB9C-FFDF-4ABB-AAD8-F0B02A9ECA32}.Debug|Any CPU.ActiveCfg = Debug|Any CPU
		{47A0FB9C-FFDF-4ABB-AAD8-F0B02A9ECA32}.Debug|Any CPU.Build.0 = Debug|Any CPU
		{47A0FB9C-FFDF-4ABB-AAD8-F0B02A9ECA32}.Release|Any CPU.ActiveCfg = Release|Any CPU
		{47A0FB9C-FFDF-4ABB-AAD8-F0B02A9ECA32}.Release|Any CPU.Build.0 = Release|Any CPU
		{C8571912-0A46-457C-A39E-1ED5FD2AAD52}.Debug|Any CPU.ActiveCfg = Debug|Any CPU
		{C8571912-0A46-457C-A39E-1ED5FD2AAD52}.Debug|Any CPU.Build.0 = Debug|Any CPU
		{C8571912-0A46-457C-A39E-1ED5FD2AAD52}.Release|Any CPU.ActiveCfg = Release|Any CPU
		{C8571912-0A46-457C-A39E-1ED5FD2AAD52}.Release|Any CPU.Build.0 = Release|Any CPU
		{A3084888-04CA-4BDE-A278-D38E36756FE0}.Debug|Any CPU.ActiveCfg = Debug|Any CPU
		{A3084888-04CA-4BDE-A278-D38E36756FE0}.Debug|Any CPU.Build.0 = Debug|Any CPU
		{A3084888-04CA-4BDE-A278-D38E36756FE0}.Release|Any CPU.ActiveCfg = Release|Any CPU
		{A3084888-04CA-4BDE-A278-D38E36756FE0}.Release|Any CPU.Build.0 = Release|Any CPU
		{5C21757F-17BF-4310-8F8B-BBBA5FB9E2F0}.Debug|Any CPU.ActiveCfg = Debug|Any CPU
		{5C21757F-17BF-4310-8F8B-BBBA5FB9E2F0}.Debug|Any CPU.Build.0 = Debug|Any CPU
		{5C21757F-17BF-4310-8F8B-BBBA5FB9E2F0}.Release|Any CPU.ActiveCfg = Debug|Any CPU
		{5C21757F-17BF-4310-8F8B-BBBA5FB9E2F0}.Release|Any CPU.Build.0 = Debug|Any CPU
		{0A24561E-63C8-44DF-AE0C-F067D05AC32F}.Debug|Any CPU.ActiveCfg = Debug|Any CPU
		{0A24561E-63C8-44DF-AE0C-F067D05AC32F}.Debug|Any CPU.Build.0 = Debug|Any CPU
		{0A24561E-63C8-44DF-AE0C-F067D05AC32F}.Release|Any CPU.ActiveCfg = Release|Any CPU
		{0A24561E-63C8-44DF-AE0C-F067D05AC32F}.Release|Any CPU.Build.0 = Release|Any CPU
	EndGlobalSection
	GlobalSection(SolutionProperties) = preSolution
		HideSolutionNode = FALSE
	EndGlobalSection
	GlobalSection(NestedProjects) = preSolution
		{5EB28BF9-4906-4518-A05B-4C11B505144B} = {0798EAE2-EB74-4015-849D-35EA3F2AC13B}
	EndGlobalSection
EndGlobal
