
Microsoft Visual Studio Solution File, Format Version 12.00
# Visual Studio 2013
VisualStudioVersion = 12.0.31101.0
MinimumVisualStudioVersion = 10.0.40219.1
Project("{FAE04EC0-301F-11D3-BF4B-00C04F79EFBC}") = "CouponAPI", "CouponAPI\CouponAPI.csproj", "{45BB1FAB-A222-4947-8B12-5BB94E72BE85}"
EndProject
Project("{2150E333-8FDC-42A3-9474-1A3956D46DE8}") = "PublishScripts", "PublishScripts", "{0798EAE2-EB74-4015-849D-35EA3F2AC13B}"
	ProjectSection(SolutionItems) = preProject
		PublishScripts\AzureWebsitePublishModule.psm1 = PublishScripts\AzureWebsitePublishModule.psm1
		PublishScripts\Publish-WebApplicationWebsite.ps1 = PublishScripts\Publish-WebApplicationWebsite.ps1
	EndProjectSection
EndProject
Project("{2150E333-8FDC-42A3-9474-1A3956D46DE8}") = "Configurations", "Configurations", "{5EB28BF9-4906-4518-A05B-4C11B505144B}"
	ProjectSection(SolutionItems) = preProject
		PublishScripts\Configurations\CouponAPI-WAWS-dev.json = PublishScripts\Configurations\CouponAPI-WAWS-dev.json
	EndProjectSection
EndProject
Project("{FAE04EC0-301F-11D3-BF4B-00C04F79EFBC}") = "CouponFetcher", "CouponFetcher\CouponFetcher.csproj", "{5734D5CE-FECD-4E88-8737-895F3D869794}"
EndProject
Project("{FAE04EC0-301F-11D3-BF4B-00C04F79EFBC}") = "OutletsFetcher", "OutletsFetcher\OutletsFetcher.csproj", "{25A6C1FB-12B2-44CF-9EC8-9FF590111979}"
EndProject
Global
	GlobalSection(SolutionConfigurationPlatforms) = preSolution
		Debug|Any CPU = Debug|Any CPU
		Release|Any CPU = Release|Any CPU
	EndGlobalSection
	GlobalSection(ProjectConfigurationPlatforms) = postSolution
		{45BB1FAB-A222-4947-8B12-5BB94E72BE85}.Debug|Any CPU.ActiveCfg = Debug|Any CPU
		{45BB1FAB-A222-4947-8B12-5BB94E72BE85}.Debug|Any CPU.Build.0 = Debug|Any CPU
		{45BB1FAB-A222-4947-8B12-5BB94E72BE85}.Release|Any CPU.ActiveCfg = Release|Any CPU
		{45BB1FAB-A222-4947-8B12-5BB94E72BE85}.Release|Any CPU.Build.0 = Release|Any CPU
		{5734D5CE-FECD-4E88-8737-895F3D869794}.Debug|Any CPU.ActiveCfg = Debug|Any CPU
		{5734D5CE-FECD-4E88-8737-895F3D869794}.Debug|Any CPU.Build.0 = Debug|Any CPU
		{5734D5CE-FECD-4E88-8737-895F3D869794}.Release|Any CPU.ActiveCfg = Release|Any CPU
		{5734D5CE-FECD-4E88-8737-895F3D869794}.Release|Any CPU.Build.0 = Release|Any CPU
		{25A6C1FB-12B2-44CF-9EC8-9FF590111979}.Debug|Any CPU.ActiveCfg = Debug|Any CPU
		{25A6C1FB-12B2-44CF-9EC8-9FF590111979}.Debug|Any CPU.Build.0 = Debug|Any CPU
		{25A6C1FB-12B2-44CF-9EC8-9FF590111979}.Release|Any CPU.ActiveCfg = Release|Any CPU
		{25A6C1FB-12B2-44CF-9EC8-9FF590111979}.Release|Any CPU.Build.0 = Release|Any CPU
	EndGlobalSection
	GlobalSection(SolutionProperties) = preSolution
		HideSolutionNode = FALSE
	EndGlobalSection
	GlobalSection(NestedProjects) = preSolution
		{5EB28BF9-4906-4518-A05B-4C11B505144B} = {0798EAE2-EB74-4015-849D-35EA3F2AC13B}
	EndGlobalSection
EndGlobal
